{
    "_readme": [
        "This file locks the dependencies of your project to a known state",
        "Read more about it at https://getcomposer.org/doc/01-basic-usage.md#composer-lock-the-lock-file",
        "This file is @generated automatically"
    ],
    "content-hash": "e9122812a781805b63d73f0314100acd",
    "packages": [
        {
            "name": "resty/resty",
            "version": "0.6.0",
            "source": {
                "type": "git",
                "url": "https://github.com/fictivekin/Resty.php.git",
                "reference": "3ba18ec4b507b3b6fcbc49bba5a503baba051c0a"
            },
            "dist": {
                "type": "zip",
                "url": "https://api.github.com/repos/fictivekin/Resty.php/zipball/3ba18ec4b507b3b6fcbc49bba5a503baba051c0a",
                "reference": "3ba18ec4b507b3b6fcbc49bba5a503baba051c0a",
                "shasum": ""
            },
            "require": {
                "php": ">=5.3.0"
            },
            "require-dev": {
                "funkatron/funit": "dev-master"
            },
            "type": "library",
            "autoload": {
                "psr-4": {
                    "Resty\\": "src"
                }
            },
            "notification-url": "https://packagist.org/downloads/",
            "license": [
                "Apache 2.0"
            ],
            "authors": [
                {
                    "name": "Ed Finkler",
                    "email": "ed@fictivekin.com",
                    "homepage": "http://fictivekin.com"
                }
            ],
            "description": "A simple PHP library for doing RESTful HTTP stuff. Does not require the curl extension",
            "homepage": "https://github.com/fictivekin/resty.php",
            "keywords": [
                "client",
                "http",
                "rest",
                "restful"
            ],
            "time": "2014-02-13T16:19:46+00:00"
        }
    ],
    "packages-dev": [
        {
            "name": "heroku/heroku-buildpack-php",
            "version": "v101",
            "source": {
                "type": "git",
                "url": "https://github.com/heroku/heroku-buildpack-php.git",
                "reference": "efca12bb59ccdebec79cabddd94e7c1ef51de908"
            },
            "dist": {
                "type": "zip",
                "url": "https://api.github.com/repos/heroku/heroku-buildpack-php/zipball/efca12bb59ccdebec79cabddd94e7c1ef51de908",
                "reference": "efca12bb59ccdebec79cabddd94e7c1ef51de908",
                "shasum": ""
            },
            "bin": [
                "bin/heroku-hhvm-apache2",
                "bin/heroku-hhvm-nginx",
                "bin/heroku-php-apache2",
                "bin/heroku-php-nginx"
            ],
            "type": "library",
            "notification-url": "https://packagist.org/downloads/",
            "license": [
                "MIT"
            ],
            "authors": [
                {
                    "name": "David Zuelke",
                    "email": "dz@heroku.com"
                }
            ],
            "description": "Toolkit for starting a PHP application locally, with or without foreman, using the same config for PHP/HHVM and Apache2/Nginx as on Heroku",
            "homepage": "http://github.com/heroku/heroku-buildpack-php",
            "keywords": [
                "apache",
                "apache2",
                "foreman",
                "heroku",
                "hhvm",
                "nginx",
                "php"
            ],
            "time": "2016-04-12T02:41:29+00:00"
        }
    ],
    "aliases": [],
    "minimum-stability": "stable",
    "stability-flags": {
        "resty/resty": 0
    },
    "prefer-stable": false,
    "prefer-lowest": false,
    "platform": {
        "php": "^5.5.35",
        "ext-mysql": "*"
    },
    "platform-dev": []
}
